
Microsoft Visual Studio Solution File, Format Version 12.00
# Visual Studio Version 17
VisualStudioVersion = 17.1.32421.90
MinimumVisualStudioVersion = 10.0.40219.1
Project("{FAE04EC0-301F-11D3-BF4B-00C04F79EFBC}") = "FR", "FR.csproj", "{31550447-748D-4B6A-84CF-D31060AE126E}"
EndProject
Global
	GlobalSection(SolutionConfigurationPlatforms) = preSolution
		Debug|Any CPU = Debug|Any CPU
		Release|Any CPU = Release|Any CPU
	EndGlobalSection
	GlobalSection(ProjectConfigurationPlatforms) = postSolution
		{31550447-748D-4B6A-84CF-D31060AE126E}.Debug|Any CPU.ActiveCfg = Debug|Any CPU
		{31550447-748D-4B6A-84CF-D31060AE126E}.Debug|Any CPU.Build.0 = Debug|Any CPU
		{31550447-748D-4B6A-84CF-D31060AE126E}.Release|Any CPU.ActiveCfg = Release|Any CPU
		{31550447-748D-4B6A-84CF-D31060AE126E}.Release|Any CPU.Build.0 = Release|Any CPU
	EndGlobalSection
	GlobalSection(SolutionProperties) = preSolution
		HideSolutionNode = FALSE
	EndGlobalSection
	GlobalSection(ExtensibilityGlobals) = postSolution
		SolutionGuid = {A0CCA91B-A717-44ED-8B54-642C70AAF5EA}
	EndGlobalSection
EndGlobal
